{
  "name": "playground",
  "version": "1.0.0",
  "lockfileVersion": 3,
  "requires": true,
  "packages": {
    "": {
      "name": "playground",
      "version": "1.0.0",
      "license": "ISC",
      "dependencies": {
        "gpg": "^0.6.0"
      }
    },
    "node_modules/gpg": {
      "version": "0.6.0",
      "resolved": "https://registry.npmjs.org/gpg/-/gpg-0.6.0.tgz",
      "integrity": "sha512-u0BpbalUehzMbaMxtzRAFn/gMmtnaVo2Y0yCp7X6csPnumyaDrXF4uvEWPhj3b1sqrblvKvNEXFSfOQrvGEiQw==",
      "engines": {
        "node": ">= 0.10.0"
      }
    }
  }
}
